
Microsoft Visual Studio Solution File, Format Version 12.00
# Visual Studio Version 17
VisualStudioVersion = 17.9.34616.47
MinimumVisualStudioVersion = 10.0.40219.1
Project("{FAE04EC0-301F-11D3-BF4B-00C04F79EFBC}") = "WindowsFormsApp1", "WindowsFormsApp1.csproj", "{E1A44A5B-E189-43BC-BA06-F02AA1AB2128}"
EndProject
Global
	GlobalSection(SolutionConfigurationPlatforms) = preSolution
		Debug|Any CPU = Debug|Any CPU
		Release|Any CPU = Release|Any CPU
	EndGlobalSection
	GlobalSection(ProjectConfigurationPlatforms) = postSolution
		{E1A44A5B-E189-43BC-BA06-F02AA1AB2128}.Debug|Any CPU.ActiveCfg = Debug|Any CPU
		{E1A44A5B-E189-43BC-BA06-F02AA1AB2128}.Debug|Any CPU.Build.0 = Debug|Any CPU
		{E1A44A5B-E189-43BC-BA06-F02AA1AB2128}.Release|Any CPU.ActiveCfg = Release|Any CPU
		{E1A44A5B-E189-43BC-BA06-F02AA1AB2128}.Release|Any CPU.Build.0 = Release|Any CPU
	EndGlobalSection
	GlobalSection(SolutionProperties) = preSolution
		HideSolutionNode = FALSE
	EndGlobalSection
	GlobalSection(ExtensibilityGlobals) = postSolution
		SolutionGuid = {433FE304-B664-4A78-A1A4-B9E8CCA4ADB1}
	EndGlobalSection
EndGlobal
